
Microsoft Visual Studio Solution File, Format Version 12.00
# Visual Studio Version 16
VisualStudioVersion = 16.0.30011.22
MinimumVisualStudioVersion = 10.0.40219.1
Project("{FAE04EC0-301F-11D3-BF4B-00C04F79EFBC}") = "Superheroes", "Superheroes\Superheroes.csproj", "{B085C251-AB72-4F10-84BA-45CE75F8BFA1}"
EndProject
Global
	GlobalSection(SolutionConfigurationPlatforms) = preSolution
		Debug|Any CPU = Debug|Any CPU
		Release|Any CPU = Release|Any CPU
	EndGlobalSection
	GlobalSection(ProjectConfigurationPlatforms) = postSolution
		{B085C251-AB72-4F10-84BA-45CE75F8BFA1}.Debug|Any CPU.ActiveCfg = Debug|Any CPU
		{B085C251-AB72-4F10-84BA-45CE75F8BFA1}.Debug|Any CPU.Build.0 = Debug|Any CPU
		{B085C251-AB72-4F10-84BA-45CE75F8BFA1}.Release|Any CPU.ActiveCfg = Release|Any CPU
		{B085C251-AB72-4F10-84BA-45CE75F8BFA1}.Release|Any CPU.Build.0 = Release|Any CPU
	EndGlobalSection
	GlobalSection(SolutionProperties) = preSolution
		HideSolutionNode = FALSE
	EndGlobalSection
	GlobalSection(ExtensibilityGlobals) = postSolution
		SolutionGuid = {72F433D5-302E-42ED-A41F-59686E8DDA20}
	EndGlobalSection
EndGlobal
